// !$*UTF8*$!
{
	archiveVersion = 1;
	classes = {
	};
	objectVersion = 50;
	objects = {

/* Begin PBXBuildFile section */
		1E66C7CC24E6794A00A91042 /* art.scnassets in Resources */ = {isa = PBXBuildFile; fileRef = 1E66C7CB24E6794A00A91042 /* art.scnassets */; };
		1EC1B96B24C3951400093A52 /* AppDelegate.swift in Sources */ = {isa = PBXBuildFile; fileRef = 1EC1B96A24C3951400093A52 /* AppDelegate.swift */; };
		1EC1B96D24C3951400093A52 /* ViewController.swift in Sources */ = {isa = PBXBuildFile; fileRef = 1EC1B96C24C3951400093A52 /* ViewController.swift */; };
		1EC1B96F24C3951400093A52 /* Experience.rcproject in Sources */ = {isa = PBXBuildFile; fileRef = 1EC1B96E24C3951400093A52 /* Experience.rcproject */; };
		1EC1B97224C3951400093A52 /* Main.storyboard in Resources */ = {isa = PBXBuildFile; fileRef = 1EC1B97024C3951400093A52 /* Main.storyboard */; };
		1EC1B97424C3951700093A52 /* Assets.xcassets in Resources */ = {isa = PBXBuildFile; fileRef = 1EC1B97324C3951700093A52 /* Assets.xcassets */; };
		1EC1B97724C3951700093A52 /* LaunchScreen.storyboard in Resources */ = {isa = PBXBuildFile; fileRef = 1EC1B97524C3951700093A52 /* LaunchScreen.storyboard */; };
		1EC1B98224C3951700093A52 /* CiderDetectorTests.swift in Sources */ = {isa = PBXBuildFile; fileRef = 1EC1B98124C3951700093A52 /* CiderDetectorTests.swift */; };
		1EC1B98D24C3951800093A52 /* CiderDetectorUITests.swift in Sources */ = {isa = PBXBuildFile; fileRef = 1EC1B98C24C3951800093A52 /* CiderDetectorUITests.swift */; };
/* End PBXBuildFile section */

/* Begin PBXContainerItemProxy section */
		1EC1B97E24C3951700093A52 /* PBXContainerItemProxy */ = {
			isa = PBXContainerItemProxy;
			containerPortal = 1EC1B95F24C3951400093A52 /* Project object */;
			proxyType = 1;
			remoteGlobalIDString = 1EC1B96624C3951400093A52;
			remoteInfo = CiderDetector;
		};
		1EC1B98924C3951800093A52 /* PBXContainerItemProxy */ = {
			isa = PBXContainerItemProxy;
			containerPortal = 1EC1B95F24C3951400093A52 /* Project object */;
			proxyType = 1;
			remoteGlobalIDString = 1EC1B96624C3951400093A52;
			remoteInfo = CiderDetector;
		};
/* End PBXContainerItemProxy section */

/* Begin PBXFileReference section */
		1E66C7CB24E6794A00A91042 /* art.scnassets */ = {isa = PBXFileReference; lastKnownFileType = wrapper.scnassets; path = art.scnassets; sourceTree = "<group>"; };
		1EC1B96724C3951400093A52 /* サイダー検出装置.app */ = {isa = PBXFileReference; explicitFileType = wrapper.application; includeInIndex = 0; path = "サイダー検出装置.app"; sourceTree = BUILT_PRODUCTS_DIR; };
		1EC1B96A24C3951400093A52 /* AppDelegate.swift */ = {isa = PBXFileReference; lastKnownFileType = sourcecode.swift; path = AppDelegate.swift; sourceTree = "<group>"; };
		1EC1B96C24C3951400093A52 /* ViewController.swift */ = {isa = PBXFileReference; lastKnownFileType = sourcecode.swift; path = ViewController.swift; sourceTree = "<group>"; };
		1EC1B96E24C3951400093A52 /* Experience.rcproject */ = {isa = PBXFileReference; lastKnownFileType = file.rcproject; path = Experience.rcproject; sourceTree = "<group>"; };
		1EC1B97124C3951400093A52 /* Base */ = {isa = PBXFileReference; lastKnownFileType = file.storyboard; name = Base; path = Base.lproj/Main.storyboard; sourceTree = "<group>"; };
		1EC1B97324C3951700093A52 /* Assets.xcassets */ = {isa = PBXFileReference; lastKnownFileType = folder.assetcatalog; path = Assets.xcassets; sourceTree = "<group>"; };
		1EC1B97624C3951700093A52 /* Base */ = {isa = PBXFileReference; lastKnownFileType = file.storyboard; name = Base; path = Base.lproj/LaunchScreen.storyboard; sourceTree = "<group>"; };
		1EC1B97824C3951700093A52 /* Info.plist */ = {isa = PBXFileReference; lastKnownFileType = text.plist.xml; path = Info.plist; sourceTree = "<group>"; };
		1EC1B97D24C3951700093A52 /* CiderDetectorTests.xctest */ = {isa = PBXFileReference; explicitFileType = wrapper.cfbundle; includeInIndex = 0; path = CiderDetectorTests.xctest; sourceTree = BUILT_PRODUCTS_DIR; };
		1EC1B98124C3951700093A52 /* CiderDetectorTests.swift */ = {isa = PBXFileReference; lastKnownFileType = sourcecode.swift; path = CiderDetectorTests.swift; sourceTree = "<group>"; };
		1EC1B98324C3951700093A52 /* Info.plist */ = {isa = PBXFileReference; lastKnownFileType = text.plist.xml; path = Info.plist; sourceTree = "<group>"; };
		1EC1B98824C3951800093A52 /* CiderDetectorUITests.xctest */ = {isa = PBXFileReference; explicitFileType = wrapper.cfbundle; includeInIndex = 0; path = CiderDetectorUITests.xctest; sourceTree = BUILT_PRODUCTS_DIR; };
		1EC1B98C24C3951800093A52 /* CiderDetectorUITests.swift */ = {isa = PBXFileReference; lastKnownFileType = sourcecode.swift; path = CiderDetectorUITests.swift; sourceTree = "<group>"; };
		1EC1B98E24C3951800093A52 /* Info.plist */ = {isa = PBXFileReference; lastKnownFileType = text.plist.xml; path = Info.plist; sourceTree = "<group>"; };
/* End PBXFileReference section */

/* Begin PBXFrameworksBuildPhase section */
		1EC1B96424C3951400093A52 /* Frameworks */ = {
			isa = PBXFrameworksBuildPhase;
			buildActionMask = 2147483647;
			files = (
			);
			runOnlyForDeploymentPostprocessing = 0;
		};
		1EC1B97A24C3951700093A52 /* Frameworks */ = {
			isa = PBXFrameworksBuildPhase;
			buildActionMask = 2147483647;
			files = (
			);
			runOnlyForDeploymentPostprocessing = 0;
		};
		1EC1B98524C3951800093A52 /* Frameworks */ = {
			isa = PBXFrameworksBuildPhase;
			buildActionMask = 2147483647;
			files = (
			);
			runOnlyForDeploymentPostprocessing = 0;
		};
/* End PBXFrameworksBuildPhase section */

/* Begin PBXGroup section */
		1EC1B95E24C3951400093A52 = {
			isa = PBXGroup;
			children = (
				1EC1B96924C3951400093A52 /* CiderDetector */,
				1EC1B98024C3951700093A52 /* CiderDetectorTests */,
				1EC1B98B24C3951800093A52 /* CiderDetectorUITests */,
				1EC1B96824C3951400093A52 /* Products */,
			);
			sourceTree = "<group>";
		};
		1EC1B96824C3951400093A52 /* Products */ = {
			isa = PBXGroup;
			children = (
				1EC1B96724C3951400093A52 /* サイダー検出装置.app */,
				1EC1B97D24C3951700093A52 /* CiderDetectorTests.xctest */,
				1EC1B98824C3951800093A52 /* CiderDetectorUITests.xctest */,
			);
			name = Products;
			sourceTree = "<group>";
		};
		1EC1B96924C3951400093A52 /* CiderDetector */ = {
			isa = PBXGroup;
			children = (
				1EC1B96A24C3951400093A52 /* AppDelegate.swift */,
				1EC1B96C24C3951400093A52 /* ViewController.swift */,
				1EC1B96E24C3951400093A52 /* Experience.rcproject */,
				1EC1B97024C3951400093A52 /* Main.storyboard */,
				1EC1B97324C3951700093A52 /* Assets.xcassets */,
				1EC1B97524C3951700093A52 /* LaunchScreen.storyboard */,
				1EC1B97824C3951700093A52 /* Info.plist */,
				1E66C7CB24E6794A00A91042 /* art.scnassets */,
			);
			path = CiderDetector;
			sourceTree = "<group>";
		};
		1EC1B98024C3951700093A52 /* CiderDetectorTests */ = {
			isa = PBXGroup;
			children = (
				1EC1B98124C3951700093A52 /* CiderDetectorTests.swift */,
				1EC1B98324C3951700093A52 /* Info.plist */,
			);
			path = CiderDetectorTests;
			sourceTree = "<group>";
		};
		1EC1B98B24C3951800093A52 /* CiderDetectorUITests */ = {
			isa = PBXGroup;
			children = (
				1EC1B98C24C3951800093A52 /* CiderDetectorUITests.swift */,
				1EC1B98E24C3951800093A52 /* Info.plist */,
			);
			path = CiderDetectorUITests;
			sourceTree = "<group>";
		};
/* End PBXGroup section */

/* Begin PBXNativeTarget section */
		1EC1B96624C3951400093A52 /* CiderDetector */ = {
			isa = PBXNativeTarget;
			buildConfigurationList = 1EC1B99124C3951800093A52 /* Build configuration list for PBXNativeTarget "CiderDetector" */;
			buildPhases = (
				1EC1B96324C3951400093A52 /* Sources */,
				1EC1B96424C3951400093A52 /* Frameworks */,
				1EC1B96524C3951400093A52 /* Resources */,
			);
			buildRules = (
			);
			dependencies = (
			);
			name = CiderDetector;
			productName = CiderDetector;
			productReference = 1EC1B96724C3951400093A52 /* サイダー検出装置.app */;
			productType = "com.apple.product-type.application";
		};
		1EC1B97C24C3951700093A52 /* CiderDetectorTests */ = {
			isa = PBXNativeTarget;
			buildConfigurationList = 1EC1B99424C3951800093A52 /* Build configuration list for PBXNativeTarget "CiderDetectorTests" */;
			buildPhases = (
				1EC1B97924C3951700093A52 /* Sources */,
				1EC1B97A24C3951700093A52 /* Frameworks */,
				1EC1B97B24C3951700093A52 /* Resources */,
			);
			buildRules = (
			);
			dependencies = (
				1EC1B97F24C3951700093A52 /* PBXTargetDependency */,
			);
			name = CiderDetectorTests;
			productName = CiderDetectorTests;
			productReference = 1EC1B97D24C3951700093A52 /* CiderDetectorTests.xctest */;
			productType = "com.apple.product-type.bundle.unit-test";
		};
		1EC1B98724C3951800093A52 /* CiderDetectorUITests */ = {
			isa = PBXNativeTarget;
			buildConfigurationList = 1EC1B99724C3951800093A52 /* Build configuration list for PBXNativeTarget "CiderDetectorUITests" */;
			buildPhases = (
				1EC1B98424C3951800093A52 /* Sources */,
				1EC1B98524C3951800093A52 /* Frameworks */,
				1EC1B98624C3951800093A52 /* Resources */,
			);
			buildRules = (
			);
			dependencies = (
				1EC1B98A24C3951800093A52 /* PBXTargetDependency */,
			);
			name = CiderDetectorUITests;
			productName = CiderDetectorUITests;
			productReference = 1EC1B98824C3951800093A52 /* CiderDetectorUITests.xctest */;
			productType = "com.apple.product-type.bundle.ui-testing";
		};
/* End PBXNativeTarget section */

/* Begin PBXProject section */
		1EC1B95F24C3951400093A52 /* Project object */ = {
			isa = PBXProject;
			attributes = {
				LastSwiftUpdateCheck = 1160;
				LastUpgradeCheck = 1160;
				ORGANIZATIONNAME = TokyoMac;
				TargetAttributes = {
					1EC1B96624C3951400093A52 = {
						CreatedOnToolsVersion = 11.6;
					};
					1EC1B97C24C3951700093A52 = {
						CreatedOnToolsVersion = 11.6;
						TestTargetID = 1EC1B96624C3951400093A52;
					};
					1EC1B98724C3951800093A52 = {
						CreatedOnToolsVersion = 11.6;
						TestTargetID = 1EC1B96624C3951400093A52;
					};
				};
			};
			buildConfigurationList = 1EC1B96224C3951400093A52 /* Build configuration list for PBXProject "CiderDetector" */;
			compatibilityVersion = "Xcode 9.3";
			developmentRegion = en;
			hasScannedForEncodings = 0;
			knownRegions = (
				en,
				Base,
			);
			mainGroup = 1EC1B95E24C3951400093A52;
			productRefGroup = 1EC1B96824C3951400093A52 /* Products */;
			projectDirPath = "";
			projectRoot = "";
			targets = (
				1EC1B96624C3951400093A52 /* CiderDetector */,
				1EC1B97C24C3951700093A52 /* CiderDetectorTests */,
				1EC1B98724C3951800093A52 /* CiderDetectorUITests */,
			);
		};
/* End PBXProject section */

/* Begin PBXResourcesBuildPhase section */
		1EC1B96524C3951400093A52 /* Resources */ = {
			isa = PBXResourcesBuildPhase;
			buildActionMask = 2147483647;
			files = (
				1E66C7CC24E6794A00A91042 /* art.scnassets in Resources */,
				1EC1B97724C3951700093A52 /* LaunchScreen.storyboard in Resources */,
				1EC1B97424C3951700093A52 /* Assets.xcassets in Resources */,
				1EC1B97224C3951400093A52 /* Main.storyboard in Resources */,
			);
			runOnlyForDeploymentPostprocessing = 0;
		};
		1EC1B97B24C3951700093A52 /* Resources */ = {
			isa = PBXResourcesBuildPhase;
			buildActionMask = 2147483647;
			files = (
			);
			runOnlyForDeploymentPostprocessing = 0;
		};
		1EC1B98624C3951800093A52 /* Resources */ = {
			isa = PBXResourcesBuildPhase;
			buildActionMask = 2147483647;
			files = (
			);
			runOnlyForDeploymentPostprocessing = 0;
		};
/* End PBXResourcesBuildPhase section */

/* Begin PBXSourcesBuildPhase section */
		1EC1B96324C3951400093A52 /* Sources */ = {
			isa = PBXSourcesBuildPhase;
			buildActionMask = 2147483647;
			files = (
				1EC1B96D24C3951400093A52 /* ViewController.swift in Sources */,
				1EC1B96B24C3951400093A52 /* AppDelegate.swift in Sources */,
				1EC1B96F24C3951400093A52 /* Experience.rcproject in Sources */,
			);
			runOnlyForDeploymentPostprocessing = 0;
		};
		1EC1B97924C3951700093A52 /* Sources */ = {
			isa = PBXSourcesBuildPhase;
			buildActionMask = 2147483647;
			files = (
				1EC1B98224C3951700093A52 /* CiderDetectorTests.swift in Sources */,
			);
			runOnlyForDeploymentPostprocessing = 0;
		};
		1EC1B98424C3951800093A52 /* Sources */ = {
			isa = PBXSourcesBuildPhase;
			buildActionMask = 2147483647;
			files = (
				1EC1B98D24C3951800093A52 /* CiderDetectorUITests.swift in Sources */,
			);
			runOnlyForDeploymentPostprocessing = 0;
		};
/* End PBXSourcesBuildPhase section */

/* Begin PBXTargetDependency section */
		1EC1B97F24C3951700093A52 /* PBXTargetDependency */ = {
			isa = PBXTargetDependency;
			target = 1EC1B96624C3951400093A52 /* CiderDetector */;
			targetProxy = 1EC1B97E24C3951700093A52 /* PBXContainerItemProxy */;
		};
		1EC1B98A24C3951800093A52 /* PBXTargetDependency */ = {
			isa = PBXTargetDependency;
			target = 1EC1B96624C3951400093A52 /* CiderDetector */;
			targetProxy = 1EC1B98924C3951800093A52 /* PBXContainerItemProxy */;
		};
/* End PBXTargetDependency section */

/* Begin PBXVariantGroup section */
		1EC1B97024C3951400093A52 /* Main.storyboard */ = {
			isa = PBXVariantGroup;
			children = (
				1EC1B97124C3951400093A52 /* Base */,
			);
			name = Main.storyboard;
			sourceTree = "<group>";
		};
		1EC1B97524C3951700093A52 /* LaunchScreen.storyboard */ = {
			isa = PBXVariantGroup;
			children = (
				1EC1B97624C3951700093A52 /* Base */,
			);
			name = LaunchScreen.storyboard;
			sourceTree = "<group>";
		};
/* End PBXVariantGroup section */

/* Begin XCBuildConfiguration section */
		1EC1B98F24C3951800093A52 /* Debug */ = {
			isa = XCBuildConfiguration;
			buildSettings = {
				ALWAYS_SEARCH_USER_PATHS = NO;
				CLANG_ANALYZER_NONNULL = YES;
				CLANG_ANALYZER_NUMBER_OBJECT_CONVERSION = YES_AGGRESSIVE;
				CLANG_CXX_LANGUAGE_STANDARD = "gnu++14";
				CLANG_CXX_LIBRARY = "libc++";
				CLANG_ENABLE_MODULES = YES;
				CLANG_ENABLE_OBJC_ARC = YES;
				CLANG_ENABLE_OBJC_WEAK = YES;
				CLANG_WARN_BLOCK_CAPTURE_AUTORELEASING = YES;
				CLANG_WARN_BOOL_CONVERSION = YES;
				CLANG_WARN_COMMA = YES;
				CLANG_WARN_CONSTANT_CONVERSION = YES;
				CLANG_WARN_DEPRECATED_OBJC_IMPLEMENTATIONS = YES;
				CLANG_WARN_DIRECT_OBJC_ISA_USAGE = YES_ERROR;
				CLANG_WARN_DOCUMENTATION_COMMENTS = YES;
				CLANG_WARN_EMPTY_BODY = YES;
				CLANG_WARN_ENUM_CONVERSION = YES;
				CLANG_WARN_INFINITE_RECURSION = YES;
				CLANG_WARN_INT_CONVERSION = YES;
				CLANG_WARN_NON_LITERAL_NULL_CONVERSION = YES;
				CLANG_WARN_OBJC_IMPLICIT_RETAIN_SELF = YES;
				CLANG_WARN_OBJC_LITERAL_CONVERSION = YES;
				CLANG_WARN_OBJC_ROOT_CLASS = YES_ERROR;
				CLANG_WARN_RANGE_LOOP_ANALYSIS = YES;
				CLANG_WARN_STRICT_PROTOTYPES = YES;
				CLANG_WARN_SUSPICIOUS_MOVE = YES;
				CLANG_WARN_UNGUARDED_AVAILABILITY = YES_AGGRESSIVE;
				CLANG_WARN_UNREACHABLE_CODE = YES;
				CLANG_WARN__DUPLICATE_METHOD_MATCH = YES;
				COPY_PHASE_STRIP = NO;
				DEBUG_INFORMATION_FORMAT = dwarf;
				ENABLE_STRICT_OBJC_MSGSEND = YES;
				ENABLE_TESTABILITY = YES;
				GCC_C_LANGUAGE_STANDARD = gnu11;
				GCC_DYNAMIC_NO_PIC = NO;
				GCC_NO_COMMON_BLOCKS = YES;
				GCC_OPTIMIZATION_LEVEL = 0;
				GCC_PREPROCESSOR_DEFINITIONS = (
					"DEBUG=1",
					"$(inherited)",
				);
				GCC_WARN_64_TO_32_BIT_CONVERSION = YES;
				GCC_WARN_ABOUT_RETURN_TYPE = YES_ERROR;
				GCC_WARN_UNDECLARED_SELECTOR = YES;
				GCC_WARN_UNINITIALIZED_AUTOS = YES_AGGRESSIVE;
				GCC_WARN_UNUSED_FUNCTION = YES;
				GCC_WARN_UNUSED_VARIABLE = YES;
				IPHONEOS_DEPLOYMENT_TARGET = 13.6;
				MTL_ENABLE_DEBUG_INFO = INCLUDE_SOURCE;
				MTL_FAST_MATH = YES;
				ONLY_ACTIVE_ARCH = YES;
				SDKROOT = iphoneos;
				SWIFT_ACTIVE_COMPILATION_CONDITIONS = DEBUG;
				SWIFT_OPTIMIZATION_LEVEL = "-Onone";
			};
			name = Debug;
		};
		1EC1B99024C3951800093A52 /* Release */ = {
			isa = XCBuildConfiguration;
			buildSettings = {
				ALWAYS_SEARCH_USER_PATHS = NO;
				CLANG_ANALYZER_NONNULL = YES;
				CLANG_ANALYZER_NUMBER_OBJECT_CONVERSION = YES_AGGRESSIVE;
				CLANG_CXX_LANGUAGE_STANDARD = "gnu++14";
				CLANG_CXX_LIBRARY = "libc++";
				CLANG_ENABLE_MODULES = YES;
				CLANG_ENABLE_OBJC_ARC = YES;
				CLANG_ENABLE_OBJC_WEAK = YES;
				CLANG_WARN_BLOCK_CAPTURE_AUTORELEASING = YES;
				CLANG_WARN_BOOL_CONVERSION = YES;
				CLANG_WARN_COMMA = YES;
				CLANG_WARN_CONSTANT_CONVERSION = YES;
				CLANG_WARN_DEPRECATED_OBJC_IMPLEMENTATIONS = YES;
				CLANG_WARN_DIRECT_OBJC_ISA_USAGE = YES_ERROR;
				CLANG_WARN_DOCUMENTATION_COMMENTS = YES;
				CLANG_WARN_EMPTY_BODY = YES;
				CLANG_WARN_ENUM_CONVERSION = YES;
				CLANG_WARN_INFINITE_RECURSION = YES;
				CLANG_WARN_INT_CONVERSION = YES;
				CLANG_WARN_NON_LITERAL_NULL_CONVERSION = YES;
				CLANG_WARN_OBJC_IMPLICIT_RETAIN_SELF = YES;
				CLANG_WARN_OBJC_LITERAL_CONVERSION = YES;
				CLANG_WARN_OBJC_ROOT_CLASS = YES_ERROR;
				CLANG_WARN_RANGE_LOOP_ANALYSIS = YES;
				CLANG_WARN_STRICT_PROTOTYPES = YES;
				CLANG_WARN_SUSPICIOUS_MOVE = YES;
				CLANG_WARN_UNGUARDED_AVAILABILITY = YES_AGGRESSIVE;
				CLANG_WARN_UNREACHABLE_CODE = YES;
				CLANG_WARN__DUPLICATE_METHOD_MATCH = YES;
				COPY_PHASE_STRIP = NO;
				DEBUG_INFORMATION_FORMAT = "dwarf-with-dsym";
				ENABLE_NS_ASSERTIONS = NO;
				ENABLE_STRICT_OBJC_MSGSEND = YES;
				GCC_C_LANGUAGE_STANDARD = gnu11;
				GCC_NO_COMMON_BLOCKS = YES;
				GCC_WARN_64_TO_32_BIT_CONVERSION = YES;
				GCC_WARN_ABOUT_RETURN_TYPE = YES_ERROR;
				GCC_WARN_UNDECLARED_SELECTOR = YES;
				GCC_WARN_UNINITIALIZED_AUTOS = YES_AGGRESSIVE;
				GCC_WARN_UNUSED_FUNCTION = YES;
				GCC_WARN_UNUSED_VARIABLE = YES;
				IPHONEOS_DEPLOYMENT_TARGET = 13.6;
				MTL_ENABLE_DEBUG_INFO = NO;
				MTL_FAST_MATH = YES;
				SDKROOT = iphoneos;
				SWIFT_COMPILATION_MODE = wholemodule;
				SWIFT_OPTIMIZATION_LEVEL = "-O";
				VALIDATE_PRODUCT = YES;
			};
			name = Release;
		};
		1EC1B99224C3951800093A52 /* Debug */ = {
			isa = XCBuildConfiguration;
			buildSettings = {
				ASSETCATALOG_COMPILER_APPICON_NAME = AppIcon;
				CODE_SIGN_STYLE = Automatic;
				DEVELOPMENT_TEAM = P67QP7Z567;
				INFOPLIST_FILE = CiderDetector/Info.plist;
				IPHONEOS_DEPLOYMENT_TARGET = 13.5;
				LD_RUNPATH_SEARCH_PATHS = (
					"$(inherited)",
					"@executable_path/Frameworks",
				);
				PRODUCT_BUNDLE_IDENTIFIER = com.gmail.yoshidaforpublic.CyderDetector;
				PRODUCT_NAME = "サイダー検出装置";
				SWIFT_VERSION = 5.0;
				TARGETED_DEVICE_FAMILY = 1;
			};
			name = Debug;
		};
		1EC1B99324C3951800093A52 /* Release */ = {
			isa = XCBuildConfiguration;
			buildSettings = {
				ASSETCATALOG_COMPILER_APPICON_NAME = AppIcon;
				CODE_SIGN_STYLE = Automatic;
				DEVELOPMENT_TEAM = P67QP7Z567;
				INFOPLIST_FILE = CiderDetector/Info.plist;
				IPHONEOS_DEPLOYMENT_TARGET = 13.5;
				LD_RUNPATH_SEARCH_PATHS = (
					"$(inherited)",
					"@executable_path/Frameworks",
				);
				PRODUCT_BUNDLE_IDENTIFIER = com.gmail.yoshidaforpublic.CyderDetector;
				PRODUCT_NAME = "サイダー検出装置";
				SWIFT_VERSION = 5.0;
				TARGETED_DEVICE_FAMILY = 1;
			};
			name = Release;
		};
		1EC1B99524C3951800093A52 /* Debug */ = {
			isa = XCBuildConfiguration;
			buildSettings = {
				ALWAYS_EMBED_SWIFT_STANDARD_LIBRARIES = YES;
				BUNDLE_LOADER = "$(TEST_HOST)";
				CODE_SIGN_STYLE = Automatic;
				INFOPLIST_FILE = CiderDetectorTests/Info.plist;
				IPHONEOS_DEPLOYMENT_TARGET = 13.6;
				LD_RUNPATH_SEARCH_PATHS = (
					"$(inherited)",
					"@executable_path/Frameworks",
					"@loader_path/Frameworks",
				);
				PRODUCT_BUNDLE_IDENTIFIER = me.CiderDetectorTests;
				PRODUCT_NAME = "$(TARGET_NAME)";
				SWIFT_VERSION = 5.0;
				TARGETED_DEVICE_FAMILY = "1,2";
				TEST_HOST = "$(BUILT_PRODUCTS_DIR)/CiderDetector.app/CiderDetector";
			};
			name = Debug;
		};
		1EC1B99624C3951800093A52 /* Release */ = {
			isa = XCBuildConfiguration;
			buildSettings = {
				ALWAYS_EMBED_SWIFT_STANDARD_LIBRARIES = YES;
				BUNDLE_LOADER = "$(TEST_HOST)";
				CODE_SIGN_STYLE = Automatic;
				INFOPLIST_FILE = CiderDetectorTests/Info.plist;
				IPHONEOS_DEPLOYMENT_TARGET = 13.6;
				LD_RUNPATH_SEARCH_PATHS = (
					"$(inherited)",
					"@executable_path/Frameworks",
					"@loader_path/Frameworks",
				);
				PRODUCT_BUNDLE_IDENTIFIER = me.CiderDetectorTests;
				PRODUCT_NAME = "$(TARGET_NAME)";
				SWIFT_VERSION = 5.0;
				TARGETED_DEVICE_FAMILY = "1,2";
				TEST_HOST = "$(BUILT_PRODUCTS_DIR)/CiderDetector.app/CiderDetector";
			};
			name = Release;
		};
		1EC1B99824C3951800093A52 /* Debug */ = {
			isa = XCBuildConfiguration;
			buildSettings = {
				ALWAYS_EMBED_SWIFT_STANDARD_LIBRARIES = YES;
				CODE_SIGN_STYLE = Automatic;
				INFOPLIST_FILE = CiderDetectorUITests/Info.plist;
				LD_RUNPATH_SEARCH_PATHS = (
					"$(inherited)",
					"@executable_path/Frameworks",
					"@loader_path/Frameworks",
				);
				PRODUCT_BUNDLE_IDENTIFIER = me.CiderDetectorUITests;
				PRODUCT_NAME = "$(TARGET_NAME)";
				SWIFT_VERSION = 5.0;
				TARGETED_DEVICE_FAMILY = "1,2";
				TEST_TARGET_NAME = CiderDetector;
			};
			name = Debug;
		};
		1EC1B99924C3951800093A52 /* Release */ = {
			isa = XCBuildConfiguration;
			buildSettings = {
				ALWAYS_EMBED_SWIFT_STANDARD_LIBRARIES = YES;
				CODE_SIGN_STYLE = Automatic;
				INFOPLIST_FILE = CiderDetectorUITests/Info.plist;
				LD_RUNPATH_SEARCH_PATHS = (
					"$(inherited)",
					"@executable_path/Frameworks",
					"@loader_path/Frameworks",
				);
				PRODUCT_BUNDLE_IDENTIFIER = me.CiderDetectorUITests;
				PRODUCT_NAME = "$(TARGET_NAME)";
				SWIFT_VERSION = 5.0;
				TARGETED_DEVICE_FAMILY = "1,2";
				TEST_TARGET_NAME = CiderDetector;
			};
			name = Release;
		};
/* End XCBuildConfiguration section */

/* Begin XCConfigurationList section */
		1EC1B96224C3951400093A52 /* Build configuration list for PBXProject "CiderDetector" */ = {
			isa = XCConfigurationList;
			buildConfigurations = (
				1EC1B98F24C3951800093A52 /* Debug */,
				1EC1B99024C3951800093A52 /* Release */,
			);
			defaultConfigurationIsVisible = 0;
			defaultConfigurationName = Release;
		};
		1EC1B99124C3951800093A52 /* Build configuration list for PBXNativeTarget "CiderDetector" */ = {
			isa = XCConfigurationList;
			buildConfigurations = (
				1EC1B99224C3951800093A52 /* Debug */,
				1EC1B99324C3951800093A52 /* Release */,
			);
			defaultConfigurationIsVisible = 0;
			defaultConfigurationName = Release;
		};
		1EC1B99424C3951800093A52 /* Build configuration list for PBXNativeTarget "CiderDetectorTests" */ = {
			isa = XCConfigurationList;
			buildConfigurations = (
				1EC1B99524C3951800093A52 /* Debug */,
				1EC1B99624C3951800093A52 /* Release */,
			);
			defaultConfigurationIsVisible = 0;
			defaultConfigurationName = Release;
		};
		1EC1B99724C3951800093A52 /* Build configuration list for PBXNativeTarget "CiderDetectorUITests" */ = {
			isa = XCConfigurationList;
			buildConfigurations = (
				1EC1B99824C3951800093A52 /* Debug */,
				1EC1B99924C3951800093A52 /* Release */,
			);
			defaultConfigurationIsVisible = 0;
			defaultConfigurationName = Release;
		};
/* End XCConfigurationList section */
	};
	rootObject = 1EC1B95F24C3951400093A52 /* Project object */;
}
